
Microsoft Visual Studio Solution File, Format Version 12.00
# Visual Studio Version 17
VisualStudioVersion = 17.8.34525.116
MinimumVisualStudioVersion = 10.0.40219.1
Project("{FAE04EC0-301F-11D3-BF4B-00C04F79EFBC}") = "ResturangSystem", "ResturangSystem.csproj", "{EA18FD9C-1BD2-4FBF-8B3D-00D5FA3AC821}"
EndProject
Global
	GlobalSection(SolutionConfigurationPlatforms) = preSolution
		Debug|Any CPU = Debug|Any CPU
		Release|Any CPU = Release|Any CPU
	EndGlobalSection
	GlobalSection(ProjectConfigurationPlatforms) = postSolution
		{EA18FD9C-1BD2-4FBF-8B3D-00D5FA3AC821}.Debug|Any CPU.ActiveCfg = Debug|Any CPU
		{EA18FD9C-1BD2-4FBF-8B3D-00D5FA3AC821}.Debug|Any CPU.Build.0 = Debug|Any CPU
		{EA18FD9C-1BD2-4FBF-8B3D-00D5FA3AC821}.Release|Any CPU.ActiveCfg = Release|Any CPU
		{EA18FD9C-1BD2-4FBF-8B3D-00D5FA3AC821}.Release|Any CPU.Build.0 = Release|Any CPU
	EndGlobalSection
	GlobalSection(SolutionProperties) = preSolution
		HideSolutionNode = FALSE
	EndGlobalSection
	GlobalSection(ExtensibilityGlobals) = postSolution
		SolutionGuid = {CDF46214-87F8-43B3-B52B-12FC0149A46D}
	EndGlobalSection
EndGlobal
